
Microsoft Visual Studio Solution File, Format Version 12.00
# Visual Studio 15
VisualStudioVersion = 15.0.26430.13
MinimumVisualStudioVersion = 10.0.40219.1
Project("{FAE04EC0-301F-11D3-BF4B-00C04F79EFBC}") = "2014140143-CON", "2014140143-CON\2014140143-CON.csproj", "{63A38CC0-F5C8-4935-A906-90F79819E310}"
EndProject
Project("{FAE04EC0-301F-11D3-BF4B-00C04F79EFBC}") = "2014140143-ENT", "2014140143-ENT\2014140143-ENT.csproj", "{89D469D2-70EF-4218-9F94-48B7759E7952}"
EndProject
Project("{FAE04EC0-301F-11D3-BF4B-00C04F79EFBC}") = "2014140143-PER", "2014140143-PER\2014140143-PER.csproj", "{EF111342-E5E9-4C5C-A303-AAD8936FAD92}"
EndProject
Project("{FAE04EC0-301F-11D3-BF4B-00C04F79EFBC}") = "2014140143-MVC", "2014140143-MVC\2014140143-MVC.csproj", "{421C2DAE-062A-422D-BA1C-9480D2B71D32}"
EndProject
Project("{FAE04EC0-301F-11D3-BF4B-00C04F79EFBC}") = "2014140143.WebAPI", "2014140143.WebAPI\2014140143.WebAPI.csproj", "{54622A9C-2277-46A9-A063-2DC723B92000}"
EndProject
Global
	GlobalSection(SolutionConfigurationPlatforms) = preSolution
		Debug|Any CPU = Debug|Any CPU
		Release|Any CPU = Release|Any CPU
	EndGlobalSection
	GlobalSection(ProjectConfigurationPlatforms) = postSolution
		{63A38CC0-F5C8-4935-A906-90F79819E310}.Debug|Any CPU.ActiveCfg = Debug|Any CPU
		{63A38CC0-F5C8-4935-A906-90F79819E310}.Debug|Any CPU.Build.0 = Debug|Any CPU
		{63A38CC0-F5C8-4935-A906-90F79819E310}.Release|Any CPU.ActiveCfg = Release|Any CPU
		{63A38CC0-F5C8-4935-A906-90F79819E310}.Release|Any CPU.Build.0 = Release|Any CPU
		{89D469D2-70EF-4218-9F94-48B7759E7952}.Debug|Any CPU.ActiveCfg = Debug|Any CPU
		{89D469D2-70EF-4218-9F94-48B7759E7952}.Debug|Any CPU.Build.0 = Debug|Any CPU
		{89D469D2-70EF-4218-9F94-48B7759E7952}.Release|Any CPU.ActiveCfg = Release|Any CPU
		{89D469D2-70EF-4218-9F94-48B7759E7952}.Release|Any CPU.Build.0 = Release|Any CPU
		{EF111342-E5E9-4C5C-A303-AAD8936FAD92}.Debug|Any CPU.ActiveCfg = Debug|Any CPU
		{EF111342-E5E9-4C5C-A303-AAD8936FAD92}.Debug|Any CPU.Build.0 = Debug|Any CPU
		{EF111342-E5E9-4C5C-A303-AAD8936FAD92}.Release|Any CPU.ActiveCfg = Release|Any CPU
		{EF111342-E5E9-4C5C-A303-AAD8936FAD92}.Release|Any CPU.Build.0 = Release|Any CPU
		{421C2DAE-062A-422D-BA1C-9480D2B71D32}.Debug|Any CPU.ActiveCfg = Debug|Any CPU
		{421C2DAE-062A-422D-BA1C-9480D2B71D32}.Debug|Any CPU.Build.0 = Debug|Any CPU
		{421C2DAE-062A-422D-BA1C-9480D2B71D32}.Release|Any CPU.ActiveCfg = Release|Any CPU
		{421C2DAE-062A-422D-BA1C-9480D2B71D32}.Release|Any CPU.Build.0 = Release|Any CPU
		{54622A9C-2277-46A9-A063-2DC723B92000}.Debug|Any CPU.ActiveCfg = Debug|Any CPU
		{54622A9C-2277-46A9-A063-2DC723B92000}.Debug|Any CPU.Build.0 = Debug|Any CPU
		{54622A9C-2277-46A9-A063-2DC723B92000}.Release|Any CPU.ActiveCfg = Release|Any CPU
		{54622A9C-2277-46A9-A063-2DC723B92000}.Release|Any CPU.Build.0 = Release|Any CPU
	EndGlobalSection
	GlobalSection(SolutionProperties) = preSolution
		HideSolutionNode = FALSE
	EndGlobalSection
	GlobalSection(ExtensibilityGlobals) = postSolution
		EnterpriseLibraryConfigurationToolBinariesPath = packages\Unity.2.1.505.2\lib\NET35
	EndGlobalSection
EndGlobal
